{
  "name": "Revise-nft",
  "lockfileVersion": 2,
  "requires": true,
  "packages": {
    "": {
      "dependencies": {
        "revise-sdk": "^0.1.13"
      }
    },
    "node_modules/axios": {
      "version": "0.26.1",
      "resolved": "https://registry.npmjs.org/axios/-/axios-0.26.1.tgz",
      "integrity": "sha512-fPwcX4EvnSHuInCMItEhAGnaSEXRBjtzh9fOtsE6E1G6p7vl7edEeZe11QHf18+6+9gR5PbKV/sGKNaD8YaMeA==",
      "dependencies": {
        "follow-redirects": "^1.14.8"
      }
    },
    "node_modules/follow-redirects": {
      "version": "1.15.1",
      "resolved": "https://registry.npmjs.org/follow-redirects/-/follow-redirects-1.15.1.tgz",
      "integrity": "sha512-yLAMQs+k0b2m7cVxpS1VKJVvoz7SS9Td1zss3XRwXj+ZDH00RJgnuLx7E44wx02kQLrdM3aOOy+FpzS7+8OizA==",
      "funding": [
        {
          "type": "individual",
          "url": "https://github.com/sponsors/RubenVerborgh"
        }
      ],
      "engines": {
        "node": ">=4.0"
      },
      "peerDependenciesMeta": {
        "debug": {
          "optional": true
        }
      }
    },
    "node_modules/revise-sdk": {
      "version": "0.1.13",
      "resolved": "https://registry.npmjs.org/revise-sdk/-/revise-sdk-0.1.13.tgz",
      "integrity": "sha512-mC8X1WgHOfx/zPggSIu5xQzkf91vu2aLV1wF3zaq9nu97GwXpXvSZ8bY7Usid24dVmCJZlPRARHWpb8hTnW/Sw==",
      "dependencies": {
        "axios": "^0.26.1"
      }
    }
  },
  "dependencies": {
    "axios": {
      "version": "0.26.1",
      "resolved": "https://registry.npmjs.org/axios/-/axios-0.26.1.tgz",
      "integrity": "sha512-fPwcX4EvnSHuInCMItEhAGnaSEXRBjtzh9fOtsE6E1G6p7vl7edEeZe11QHf18+6+9gR5PbKV/sGKNaD8YaMeA==",
      "requires": {
        "follow-redirects": "^1.14.8"
      }
    },
    "follow-redirects": {
      "version": "1.15.1",
      "resolved": "https://registry.npmjs.org/follow-redirects/-/follow-redirects-1.15.1.tgz",
      "integrity": "sha512-yLAMQs+k0b2m7cVxpS1VKJVvoz7SS9Td1zss3XRwXj+ZDH00RJgnuLx7E44wx02kQLrdM3aOOy+FpzS7+8OizA=="
    },
    "revise-sdk": {
      "version": "0.1.13",
      "resolved": "https://registry.npmjs.org/revise-sdk/-/revise-sdk-0.1.13.tgz",
      "integrity": "sha512-mC8X1WgHOfx/zPggSIu5xQzkf91vu2aLV1wF3zaq9nu97GwXpXvSZ8bY7Usid24dVmCJZlPRARHWpb8hTnW/Sw==",
      "requires": {
        "axios": "^0.26.1"
      }
    }
  }
}
